
Microsoft Visual Studio Solution File, Format Version 12.00
# Visual Studio Version 16
VisualStudioVersion = 16.0.29215.179
MinimumVisualStudioVersion = 10.0.40219.1
Project("{FAE04EC0-301F-11D3-BF4B-00C04F79EFBC}") = "bilgi_yarismasi", "bilgi_yarismasi.csproj", "{365CDEBF-0215-405D-81CC-B2B1B29CDC3A}"
EndProject
Global
	GlobalSection(SolutionConfigurationPlatforms) = preSolution
		Debug|Any CPU = Debug|Any CPU
		Release|Any CPU = Release|Any CPU
	EndGlobalSection
	GlobalSection(ProjectConfigurationPlatforms) = postSolution
		{365CDEBF-0215-405D-81CC-B2B1B29CDC3A}.Debug|Any CPU.ActiveCfg = Debug|Any CPU
		{365CDEBF-0215-405D-81CC-B2B1B29CDC3A}.Debug|Any CPU.Build.0 = Debug|Any CPU
		{365CDEBF-0215-405D-81CC-B2B1B29CDC3A}.Release|Any CPU.ActiveCfg = Release|Any CPU
		{365CDEBF-0215-405D-81CC-B2B1B29CDC3A}.Release|Any CPU.Build.0 = Release|Any CPU
	EndGlobalSection
	GlobalSection(SolutionProperties) = preSolution
		HideSolutionNode = FALSE
	EndGlobalSection
	GlobalSection(ExtensibilityGlobals) = postSolution
		SolutionGuid = {E0ED8B3D-CFF9-4EB5-A17A-6C6F727E5F92}
	EndGlobalSection
EndGlobal
